
Microsoft Visual Studio Solution File, Format Version 12.00
# Visual Studio 14
VisualStudioVersion = 14.0.25420.1
MinimumVisualStudioVersion = 10.0.40219.1
Project("{FAE04EC0-301F-11D3-BF4B-00C04F79EFBC}") = "BusLocator.Domain", "BusLocator.Domain\BusLocator.Domain.csproj", "{95411AE3-E562-4253-8797-4F0D643C520B}"
EndProject
Project("{FAE04EC0-301F-11D3-BF4B-00C04F79EFBC}") = "BusLocator.Persistence", "BusLocator.Persistence\BusLocator.Persistence.csproj", "{89FF30BF-9559-4D68-81F9-7679F1FA7D5F}"
EndProject
Project("{FAE04EC0-301F-11D3-BF4B-00C04F79EFBC}") = "BusLocator.Services", "BusLocator.Services\BusLocator.Services.csproj", "{9AFECA37-2E9B-44C6-B7C6-3BED9E6E5F38}"
EndProject
Project("{FAE04EC0-301F-11D3-BF4B-00C04F79EFBC}") = "BusLocator.Web", "BusLocator.Web\BusLocator.Web.csproj", "{1126707E-E90A-4F7E-BFC1-7F7175495952}"
EndProject
Global
	GlobalSection(SolutionConfigurationPlatforms) = preSolution
		Debug|Any CPU = Debug|Any CPU
		Release|Any CPU = Release|Any CPU
	EndGlobalSection
	GlobalSection(ProjectConfigurationPlatforms) = postSolution
		{95411AE3-E562-4253-8797-4F0D643C520B}.Debug|Any CPU.ActiveCfg = Debug|Any CPU
		{95411AE3-E562-4253-8797-4F0D643C520B}.Debug|Any CPU.Build.0 = Debug|Any CPU
		{95411AE3-E562-4253-8797-4F0D643C520B}.Release|Any CPU.ActiveCfg = Release|Any CPU
		{95411AE3-E562-4253-8797-4F0D643C520B}.Release|Any CPU.Build.0 = Release|Any CPU
		{89FF30BF-9559-4D68-81F9-7679F1FA7D5F}.Debug|Any CPU.ActiveCfg = Debug|Any CPU
		{89FF30BF-9559-4D68-81F9-7679F1FA7D5F}.Debug|Any CPU.Build.0 = Debug|Any CPU
		{89FF30BF-9559-4D68-81F9-7679F1FA7D5F}.Release|Any CPU.ActiveCfg = Release|Any CPU
		{89FF30BF-9559-4D68-81F9-7679F1FA7D5F}.Release|Any CPU.Build.0 = Release|Any CPU
		{9AFECA37-2E9B-44C6-B7C6-3BED9E6E5F38}.Debug|Any CPU.ActiveCfg = Debug|Any CPU
		{9AFECA37-2E9B-44C6-B7C6-3BED9E6E5F38}.Debug|Any CPU.Build.0 = Debug|Any CPU
		{9AFECA37-2E9B-44C6-B7C6-3BED9E6E5F38}.Release|Any CPU.ActiveCfg = Release|Any CPU
		{9AFECA37-2E9B-44C6-B7C6-3BED9E6E5F38}.Release|Any CPU.Build.0 = Release|Any CPU
		{1126707E-E90A-4F7E-BFC1-7F7175495952}.Debug|Any CPU.ActiveCfg = Debug|Any CPU
		{1126707E-E90A-4F7E-BFC1-7F7175495952}.Debug|Any CPU.Build.0 = Debug|Any CPU
		{1126707E-E90A-4F7E-BFC1-7F7175495952}.Release|Any CPU.ActiveCfg = Release|Any CPU
		{1126707E-E90A-4F7E-BFC1-7F7175495952}.Release|Any CPU.Build.0 = Release|Any CPU
	EndGlobalSection
	GlobalSection(SolutionProperties) = preSolution
		HideSolutionNode = FALSE
	EndGlobalSection
EndGlobal
